// !$*UTF8*$!
{
	archiveVersion = 1;
	classes = {
	};
	objectVersion = 50;
	objects = {

/* Begin PBXBuildFile section */
		D8C0C05A24E712CE00A47F36 /* Constant.swift in Sources */ = {isa = PBXBuildFile; fileRef = D8C0C05524E712CE00A47F36 /* Constant.swift */; };
		D8C0C05B24E712CE00A47F36 /* NetworkManager.swift in Sources */ = {isa = PBXBuildFile; fileRef = D8C0C05724E712CE00A47F36 /* NetworkManager.swift */; };
		D8C0C05C24E712CE00A47F36 /* HomeDataModel.swift in Sources */ = {isa = PBXBuildFile; fileRef = D8C0C05924E712CE00A47F36 /* HomeDataModel.swift */; };
		D8D3078A24E685710073D695 /* AppDelegate.swift in Sources */ = {isa = PBXBuildFile; fileRef = D8D3078924E685710073D695 /* AppDelegate.swift */; };
		D8D3078C24E685710073D695 /* SceneDelegate.swift in Sources */ = {isa = PBXBuildFile; fileRef = D8D3078B24E685710073D695 /* SceneDelegate.swift */; };
		D8D3078E24E685710073D695 /* HomeViewController.swift in Sources */ = {isa = PBXBuildFile; fileRef = D8D3078D24E685710073D695 /* HomeViewController.swift */; };
		D8D3079124E685710073D695 /* Main.storyboard in Resources */ = {isa = PBXBuildFile; fileRef = D8D3078F24E685710073D695 /* Main.storyboard */; };
		D8D3079324E6857A0073D695 /* Assets.xcassets in Resources */ = {isa = PBXBuildFile; fileRef = D8D3079224E6857A0073D695 /* Assets.xcassets */; };
		D8D3079624E6857A0073D695 /* LaunchScreen.storyboard in Resources */ = {isa = PBXBuildFile; fileRef = D8D3079424E6857A0073D695 /* LaunchScreen.storyboard */; };
		D8D307A124E6857B0073D695 /* NyTimesTests.swift in Sources */ = {isa = PBXBuildFile; fileRef = D8D307A024E6857B0073D695 /* NyTimesTests.swift */; };
		D8D307AC24E6857B0073D695 /* NyTimesUITests.swift in Sources */ = {isa = PBXBuildFile; fileRef = D8D307AB24E6857B0073D695 /* NyTimesUITests.swift */; };
/* End PBXBuildFile section */

/* Begin PBXContainerItemProxy section */
		D8D3079D24E6857B0073D695 /* PBXContainerItemProxy */ = {
			isa = PBXContainerItemProxy;
			containerPortal = D8D3077E24E685700073D695 /* Project object */;
			proxyType = 1;
			remoteGlobalIDString = D8D3078524E685710073D695;
			remoteInfo = NyTimes;
		};
		D8D307A824E6857B0073D695 /* PBXContainerItemProxy */ = {
			isa = PBXContainerItemProxy;
			containerPortal = D8D3077E24E685700073D695 /* Project object */;
			proxyType = 1;
			remoteGlobalIDString = D8D3078524E685710073D695;
			remoteInfo = NyTimes;
		};
/* End PBXContainerItemProxy section */

/* Begin PBXFileReference section */
		D8C0C05524E712CE00A47F36 /* Constant.swift */ = {isa = PBXFileReference; fileEncoding = 4; lastKnownFileType = sourcecode.swift; path = Constant.swift; sourceTree = "<group>"; };
		D8C0C05724E712CE00A47F36 /* NetworkManager.swift */ = {isa = PBXFileReference; fileEncoding = 4; lastKnownFileType = sourcecode.swift; path = NetworkManager.swift; sourceTree = "<group>"; };
		D8C0C05924E712CE00A47F36 /* HomeDataModel.swift */ = {isa = PBXFileReference; fileEncoding = 4; lastKnownFileType = sourcecode.swift; path = HomeDataModel.swift; sourceTree = "<group>"; };
		D8D3078624E685710073D695 /* NyTimes.app */ = {isa = PBXFileReference; explicitFileType = wrapper.application; includeInIndex = 0; path = NyTimes.app; sourceTree = BUILT_PRODUCTS_DIR; };
		D8D3078924E685710073D695 /* AppDelegate.swift */ = {isa = PBXFileReference; lastKnownFileType = sourcecode.swift; path = AppDelegate.swift; sourceTree = "<group>"; };
		D8D3078B24E685710073D695 /* SceneDelegate.swift */ = {isa = PBXFileReference; lastKnownFileType = sourcecode.swift; path = SceneDelegate.swift; sourceTree = "<group>"; };
		D8D3078D24E685710073D695 /* HomeViewController.swift */ = {isa = PBXFileReference; lastKnownFileType = sourcecode.swift; path = HomeViewController.swift; sourceTree = "<group>"; };
		D8D3079024E685710073D695 /* Base */ = {isa = PBXFileReference; lastKnownFileType = file.storyboard; name = Base; path = Base.lproj/Main.storyboard; sourceTree = "<group>"; };
		D8D3079224E6857A0073D695 /* Assets.xcassets */ = {isa = PBXFileReference; lastKnownFileType = folder.assetcatalog; path = Assets.xcassets; sourceTree = "<group>"; };
		D8D3079524E6857A0073D695 /* Base */ = {isa = PBXFileReference; lastKnownFileType = file.storyboard; name = Base; path = Base.lproj/LaunchScreen.storyboard; sourceTree = "<group>"; };
		D8D3079724E6857A0073D695 /* Info.plist */ = {isa = PBXFileReference; lastKnownFileType = text.plist.xml; path = Info.plist; sourceTree = "<group>"; };
		D8D3079C24E6857B0073D695 /* NyTimesTests.xctest */ = {isa = PBXFileReference; explicitFileType = wrapper.cfbundle; includeInIndex = 0; path = NyTimesTests.xctest; sourceTree = BUILT_PRODUCTS_DIR; };
		D8D307A024E6857B0073D695 /* NyTimesTests.swift */ = {isa = PBXFileReference; lastKnownFileType = sourcecode.swift; path = NyTimesTests.swift; sourceTree = "<group>"; };
		D8D307A224E6857B0073D695 /* Info.plist */ = {isa = PBXFileReference; lastKnownFileType = text.plist.xml; path = Info.plist; sourceTree = "<group>"; };
		D8D307A724E6857B0073D695 /* NyTimesUITests.xctest */ = {isa = PBXFileReference; explicitFileType = wrapper.cfbundle; includeInIndex = 0; path = NyTimesUITests.xctest; sourceTree = BUILT_PRODUCTS_DIR; };
		D8D307AB24E6857B0073D695 /* NyTimesUITests.swift */ = {isa = PBXFileReference; lastKnownFileType = sourcecode.swift; path = NyTimesUITests.swift; sourceTree = "<group>"; };
		D8D307AD24E6857B0073D695 /* Info.plist */ = {isa = PBXFileReference; lastKnownFileType = text.plist.xml; path = Info.plist; sourceTree = "<group>"; };
/* End PBXFileReference section */

/* Begin PBXFrameworksBuildPhase section */
		D8D3078324E685710073D695 /* Frameworks */ = {
			isa = PBXFrameworksBuildPhase;
			buildActionMask = 2147483647;
			files = (
			);
			runOnlyForDeploymentPostprocessing = 0;
		};
		D8D3079924E6857B0073D695 /* Frameworks */ = {
			isa = PBXFrameworksBuildPhase;
			buildActionMask = 2147483647;
			files = (
			);
			runOnlyForDeploymentPostprocessing = 0;
		};
		D8D307A424E6857B0073D695 /* Frameworks */ = {
			isa = PBXFrameworksBuildPhase;
			buildActionMask = 2147483647;
			files = (
			);
			runOnlyForDeploymentPostprocessing = 0;
		};
/* End PBXFrameworksBuildPhase section */

/* Begin PBXGroup section */
		D8C0C05624E712CE00A47F36 /* Services */ = {
			isa = PBXGroup;
			children = (
				D8C0C05724E712CE00A47F36 /* NetworkManager.swift */,
			);
			path = Services;
			sourceTree = "<group>";
		};
		D8C0C05824E712CE00A47F36 /* Models */ = {
			isa = PBXGroup;
			children = (
				D8C0C05924E712CE00A47F36 /* HomeDataModel.swift */,
			);
			path = Models;
			sourceTree = "<group>";
		};
		D8C0C05D24E712D400A47F36 /* Utils */ = {
			isa = PBXGroup;
			children = (
				D8C0C05524E712CE00A47F36 /* Constant.swift */,
			);
			path = Utils;
			sourceTree = "<group>";
		};
		D8C0C05E24E7132600A47F36 /* ViewModels */ = {
			isa = PBXGroup;
			children = (
			);
			path = ViewModels;
			sourceTree = "<group>";
		};
		D8C0C05F24E7134000A47F36 /* Views */ = {
			isa = PBXGroup;
			children = (
				D8C0C06324E715B300A47F36 /* Storyboards */,
				D8C0C06024E7154300A47F36 /* ViewControllers */,
				D8C0C06224E7158900A47F36 /* TableViewCells */,
			);
			path = Views;
			sourceTree = "<group>";
		};
		D8C0C06024E7154300A47F36 /* ViewControllers */ = {
			isa = PBXGroup;
			children = (
				D8D3078D24E685710073D695 /* HomeViewController.swift */,
			);
			path = ViewControllers;
			sourceTree = "<group>";
		};
		D8C0C06224E7158900A47F36 /* TableViewCells */ = {
			isa = PBXGroup;
			children = (
			);
			path = TableViewCells;
			sourceTree = "<group>";
		};
		D8C0C06324E715B300A47F36 /* Storyboards */ = {
			isa = PBXGroup;
			children = (
				D8D3078F24E685710073D695 /* Main.storyboard */,
				D8D3079424E6857A0073D695 /* LaunchScreen.storyboard */,
			);
			path = Storyboards;
			sourceTree = "<group>";
		};
		D8D3077D24E685700073D695 = {
			isa = PBXGroup;
			children = (
				D8D3078824E685710073D695 /* NyTimes */,
				D8D3079F24E6857B0073D695 /* NyTimesTests */,
				D8D307AA24E6857B0073D695 /* NyTimesUITests */,
				D8D3078724E685710073D695 /* Products */,
			);
			sourceTree = "<group>";
		};
		D8D3078724E685710073D695 /* Products */ = {
			isa = PBXGroup;
			children = (
				D8D3078624E685710073D695 /* NyTimes.app */,
				D8D3079C24E6857B0073D695 /* NyTimesTests.xctest */,
				D8D307A724E6857B0073D695 /* NyTimesUITests.xctest */,
			);
			name = Products;
			sourceTree = "<group>";
		};
		D8D3078824E685710073D695 /* NyTimes */ = {
			isa = PBXGroup;
			children = (
				D8C0C05824E712CE00A47F36 /* Models */,
				D8C0C05F24E7134000A47F36 /* Views */,
				D8C0C05E24E7132600A47F36 /* ViewModels */,
				D8C0C05624E712CE00A47F36 /* Services */,
				D8C0C05D24E712D400A47F36 /* Utils */,
				D8D3078924E685710073D695 /* AppDelegate.swift */,
				D8D3078B24E685710073D695 /* SceneDelegate.swift */,
				D8D3079224E6857A0073D695 /* Assets.xcassets */,
				D8D3079724E6857A0073D695 /* Info.plist */,
			);
			path = NyTimes;
			sourceTree = "<group>";
		};
		D8D3079F24E6857B0073D695 /* NyTimesTests */ = {
			isa = PBXGroup;
			children = (
				D8D307A024E6857B0073D695 /* NyTimesTests.swift */,
				D8D307A224E6857B0073D695 /* Info.plist */,
			);
			path = NyTimesTests;
			sourceTree = "<group>";
		};
		D8D307AA24E6857B0073D695 /* NyTimesUITests */ = {
			isa = PBXGroup;
			children = (
				D8D307AB24E6857B0073D695 /* NyTimesUITests.swift */,
				D8D307AD24E6857B0073D695 /* Info.plist */,
			);
			path = NyTimesUITests;
			sourceTree = "<group>";
		};
/* End PBXGroup section */

/* Begin PBXNativeTarget section */
		D8D3078524E685710073D695 /* NyTimes */ = {
			isa = PBXNativeTarget;
			buildConfigurationList = D8D307B024E6857B0073D695 /* Build configuration list for PBXNativeTarget "NyTimes" */;
			buildPhases = (
				D8D3078224E685710073D695 /* Sources */,
				D8D3078324E685710073D695 /* Frameworks */,
				D8D3078424E685710073D695 /* Resources */,
			);
			buildRules = (
			);
			dependencies = (
			);
			name = NyTimes;
			productName = NyTimes;
			productReference = D8D3078624E685710073D695 /* NyTimes.app */;
			productType = "com.apple.product-type.application";
		};
		D8D3079B24E6857B0073D695 /* NyTimesTests */ = {
			isa = PBXNativeTarget;
			buildConfigurationList = D8D307B324E6857C0073D695 /* Build configuration list for PBXNativeTarget "NyTimesTests" */;
			buildPhases = (
				D8D3079824E6857B0073D695 /* Sources */,
				D8D3079924E6857B0073D695 /* Frameworks */,
				D8D3079A24E6857B0073D695 /* Resources */,
			);
			buildRules = (
			);
			dependencies = (
				D8D3079E24E6857B0073D695 /* PBXTargetDependency */,
			);
			name = NyTimesTests;
			productName = NyTimesTests;
			productReference = D8D3079C24E6857B0073D695 /* NyTimesTests.xctest */;
			productType = "com.apple.product-type.bundle.unit-test";
		};
		D8D307A624E6857B0073D695 /* NyTimesUITests */ = {
			isa = PBXNativeTarget;
			buildConfigurationList = D8D307B624E6857C0073D695 /* Build configuration list for PBXNativeTarget "NyTimesUITests" */;
			buildPhases = (
				D8D307A324E6857B0073D695 /* Sources */,
				D8D307A424E6857B0073D695 /* Frameworks */,
				D8D307A524E6857B0073D695 /* Resources */,
			);
			buildRules = (
			);
			dependencies = (
				D8D307A924E6857B0073D695 /* PBXTargetDependency */,
			);
			name = NyTimesUITests;
			productName = NyTimesUITests;
			productReference = D8D307A724E6857B0073D695 /* NyTimesUITests.xctest */;
			productType = "com.apple.product-type.bundle.ui-testing";
		};
/* End PBXNativeTarget section */

/* Begin PBXProject section */
		D8D3077E24E685700073D695 /* Project object */ = {
			isa = PBXProject;
			attributes = {
				LastSwiftUpdateCheck = 1140;
				LastUpgradeCheck = 1140;
				ORGANIZATIONNAME = sumitkr110;
				TargetAttributes = {
					D8D3078524E685710073D695 = {
						CreatedOnToolsVersion = 11.4;
					};
					D8D3079B24E6857B0073D695 = {
						CreatedOnToolsVersion = 11.4;
						TestTargetID = D8D3078524E685710073D695;
					};
					D8D307A624E6857B0073D695 = {
						CreatedOnToolsVersion = 11.4;
						TestTargetID = D8D3078524E685710073D695;
					};
				};
			};
			buildConfigurationList = D8D3078124E685700073D695 /* Build configuration list for PBXProject "NyTimes" */;
			compatibilityVersion = "Xcode 9.3";
			developmentRegion = en;
			hasScannedForEncodings = 0;
			knownRegions = (
				en,
				Base,
			);
			mainGroup = D8D3077D24E685700073D695;
			productRefGroup = D8D3078724E685710073D695 /* Products */;
			projectDirPath = "";
			projectRoot = "";
			targets = (
				D8D3078524E685710073D695 /* NyTimes */,
				D8D3079B24E6857B0073D695 /* NyTimesTests */,
				D8D307A624E6857B0073D695 /* NyTimesUITests */,
			);
		};
/* End PBXProject section */

/* Begin PBXResourcesBuildPhase section */
		D8D3078424E685710073D695 /* Resources */ = {
			isa = PBXResourcesBuildPhase;
			buildActionMask = 2147483647;
			files = (
				D8D3079624E6857A0073D695 /* LaunchScreen.storyboard in Resources */,
				D8D3079324E6857A0073D695 /* Assets.xcassets in Resources */,
				D8D3079124E685710073D695 /* Main.storyboard in Resources */,
			);
			runOnlyForDeploymentPostprocessing = 0;
		};
		D8D3079A24E6857B0073D695 /* Resources */ = {
			isa = PBXResourcesBuildPhase;
			buildActionMask = 2147483647;
			files = (
			);
			runOnlyForDeploymentPostprocessing = 0;
		};
		D8D307A524E6857B0073D695 /* Resources */ = {
			isa = PBXResourcesBuildPhase;
			buildActionMask = 2147483647;
			files = (
			);
			runOnlyForDeploymentPostprocessing = 0;
		};
/* End PBXResourcesBuildPhase section */

/* Begin PBXSourcesBuildPhase section */
		D8D3078224E685710073D695 /* Sources */ = {
			isa = PBXSourcesBuildPhase;
			buildActionMask = 2147483647;
			files = (
				D8D3078E24E685710073D695 /* HomeViewController.swift in Sources */,
				D8D3078A24E685710073D695 /* AppDelegate.swift in Sources */,
				D8C0C05C24E712CE00A47F36 /* HomeDataModel.swift in Sources */,
				D8C0C05B24E712CE00A47F36 /* NetworkManager.swift in Sources */,
				D8D3078C24E685710073D695 /* SceneDelegate.swift in Sources */,
				D8C0C05A24E712CE00A47F36 /* Constant.swift in Sources */,
			);
			runOnlyForDeploymentPostprocessing = 0;
		};
		D8D3079824E6857B0073D695 /* Sources */ = {
			isa = PBXSourcesBuildPhase;
			buildActionMask = 2147483647;
			files = (
				D8D307A124E6857B0073D695 /* NyTimesTests.swift in Sources */,
			);
			runOnlyForDeploymentPostprocessing = 0;
		};
		D8D307A324E6857B0073D695 /* Sources */ = {
			isa = PBXSourcesBuildPhase;
			buildActionMask = 2147483647;
			files = (
				D8D307AC24E6857B0073D695 /* NyTimesUITests.swift in Sources */,
			);
			runOnlyForDeploymentPostprocessing = 0;
		};
/* End PBXSourcesBuildPhase section */

/* Begin PBXTargetDependency section */
		D8D3079E24E6857B0073D695 /* PBXTargetDependency */ = {
			isa = PBXTargetDependency;
			target = D8D3078524E685710073D695 /* NyTimes */;
			targetProxy = D8D3079D24E6857B0073D695 /* PBXContainerItemProxy */;
		};
		D8D307A924E6857B0073D695 /* PBXTargetDependency */ = {
			isa = PBXTargetDependency;
			target = D8D3078524E685710073D695 /* NyTimes */;
			targetProxy = D8D307A824E6857B0073D695 /* PBXContainerItemProxy */;
		};
/* End PBXTargetDependency section */

/* Begin PBXVariantGroup section */
		D8D3078F24E685710073D695 /* Main.storyboard */ = {
			isa = PBXVariantGroup;
			children = (
				D8D3079024E685710073D695 /* Base */,
			);
			name = Main.storyboard;
			sourceTree = "<group>";
		};
		D8D3079424E6857A0073D695 /* LaunchScreen.storyboard */ = {
			isa = PBXVariantGroup;
			children = (
				D8D3079524E6857A0073D695 /* Base */,
			);
			name = LaunchScreen.storyboard;
			sourceTree = "<group>";
		};
/* End PBXVariantGroup section */

/* Begin XCBuildConfiguration section */
		D8D307AE24E6857B0073D695 /* Debug */ = {
			isa = XCBuildConfiguration;
			buildSettings = {
				ALWAYS_SEARCH_USER_PATHS = NO;
				CLANG_ANALYZER_NONNULL = YES;
				CLANG_ANALYZER_NUMBER_OBJECT_CONVERSION = YES_AGGRESSIVE;
				CLANG_CXX_LANGUAGE_STANDARD = "gnu++14";
				CLANG_CXX_LIBRARY = "libc++";
				CLANG_ENABLE_MODULES = YES;
				CLANG_ENABLE_OBJC_ARC = YES;
				CLANG_ENABLE_OBJC_WEAK = YES;
				CLANG_WARN_BLOCK_CAPTURE_AUTORELEASING = YES;
				CLANG_WARN_BOOL_CONVERSION = YES;
				CLANG_WARN_COMMA = YES;
				CLANG_WARN_CONSTANT_CONVERSION = YES;
				CLANG_WARN_DEPRECATED_OBJC_IMPLEMENTATIONS = YES;
				CLANG_WARN_DIRECT_OBJC_ISA_USAGE = YES_ERROR;
				CLANG_WARN_DOCUMENTATION_COMMENTS = YES;
				CLANG_WARN_EMPTY_BODY = YES;
				CLANG_WARN_ENUM_CONVERSION = YES;
				CLANG_WARN_INFINITE_RECURSION = YES;
				CLANG_WARN_INT_CONVERSION = YES;
				CLANG_WARN_NON_LITERAL_NULL_CONVERSION = YES;
				CLANG_WARN_OBJC_IMPLICIT_RETAIN_SELF = YES;
				CLANG_WARN_OBJC_LITERAL_CONVERSION = YES;
				CLANG_WARN_OBJC_ROOT_CLASS = YES_ERROR;
				CLANG_WARN_RANGE_LOOP_ANALYSIS = YES;
				CLANG_WARN_STRICT_PROTOTYPES = YES;
				CLANG_WARN_SUSPICIOUS_MOVE = YES;
				CLANG_WARN_UNGUARDED_AVAILABILITY = YES_AGGRESSIVE;
				CLANG_WARN_UNREACHABLE_CODE = YES;
				CLANG_WARN__DUPLICATE_METHOD_MATCH = YES;
				COPY_PHASE_STRIP = NO;
				DEBUG_INFORMATION_FORMAT = dwarf;
				ENABLE_STRICT_OBJC_MSGSEND = YES;
				ENABLE_TESTABILITY = YES;
				GCC_C_LANGUAGE_STANDARD = gnu11;
				GCC_DYNAMIC_NO_PIC = NO;
				GCC_NO_COMMON_BLOCKS = YES;
				GCC_OPTIMIZATION_LEVEL = 0;
				GCC_PREPROCESSOR_DEFINITIONS = (
					"DEBUG=1",
					"$(inherited)",
				);
				GCC_WARN_64_TO_32_BIT_CONVERSION = YES;
				GCC_WARN_ABOUT_RETURN_TYPE = YES_ERROR;
				GCC_WARN_UNDECLARED_SELECTOR = YES;
				GCC_WARN_UNINITIALIZED_AUTOS = YES_AGGRESSIVE;
				GCC_WARN_UNUSED_FUNCTION = YES;
				GCC_WARN_UNUSED_VARIABLE = YES;
				IPHONEOS_DEPLOYMENT_TARGET = 13.4;
				MTL_ENABLE_DEBUG_INFO = INCLUDE_SOURCE;
				MTL_FAST_MATH = YES;
				ONLY_ACTIVE_ARCH = YES;
				SDKROOT = iphoneos;
				SWIFT_ACTIVE_COMPILATION_CONDITIONS = DEBUG;
				SWIFT_OPTIMIZATION_LEVEL = "-Onone";
			};
			name = Debug;
		};
		D8D307AF24E6857B0073D695 /* Release */ = {
			isa = XCBuildConfiguration;
			buildSettings = {
				ALWAYS_SEARCH_USER_PATHS = NO;
				CLANG_ANALYZER_NONNULL = YES;
				CLANG_ANALYZER_NUMBER_OBJECT_CONVERSION = YES_AGGRESSIVE;
				CLANG_CXX_LANGUAGE_STANDARD = "gnu++14";
				CLANG_CXX_LIBRARY = "libc++";
				CLANG_ENABLE_MODULES = YES;
				CLANG_ENABLE_OBJC_ARC = YES;
				CLANG_ENABLE_OBJC_WEAK = YES;
				CLANG_WARN_BLOCK_CAPTURE_AUTORELEASING = YES;
				CLANG_WARN_BOOL_CONVERSION = YES;
				CLANG_WARN_COMMA = YES;
				CLANG_WARN_CONSTANT_CONVERSION = YES;
				CLANG_WARN_DEPRECATED_OBJC_IMPLEMENTATIONS = YES;
				CLANG_WARN_DIRECT_OBJC_ISA_USAGE = YES_ERROR;
				CLANG_WARN_DOCUMENTATION_COMMENTS = YES;
				CLANG_WARN_EMPTY_BODY = YES;
				CLANG_WARN_ENUM_CONVERSION = YES;
				CLANG_WARN_INFINITE_RECURSION = YES;
				CLANG_WARN_INT_CONVERSION = YES;
				CLANG_WARN_NON_LITERAL_NULL_CONVERSION = YES;
				CLANG_WARN_OBJC_IMPLICIT_RETAIN_SELF = YES;
				CLANG_WARN_OBJC_LITERAL_CONVERSION = YES;
				CLANG_WARN_OBJC_ROOT_CLASS = YES_ERROR;
				CLANG_WARN_RANGE_LOOP_ANALYSIS = YES;
				CLANG_WARN_STRICT_PROTOTYPES = YES;
				CLANG_WARN_SUSPICIOUS_MOVE = YES;
				CLANG_WARN_UNGUARDED_AVAILABILITY = YES_AGGRESSIVE;
				CLANG_WARN_UNREACHABLE_CODE = YES;
				CLANG_WARN__DUPLICATE_METHOD_MATCH = YES;
				COPY_PHASE_STRIP = NO;
				DEBUG_INFORMATION_FORMAT = "dwarf-with-dsym";
				ENABLE_NS_ASSERTIONS = NO;
				ENABLE_STRICT_OBJC_MSGSEND = YES;
				GCC_C_LANGUAGE_STANDARD = gnu11;
				GCC_NO_COMMON_BLOCKS = YES;
				GCC_WARN_64_TO_32_BIT_CONVERSION = YES;
				GCC_WARN_ABOUT_RETURN_TYPE = YES_ERROR;
				GCC_WARN_UNDECLARED_SELECTOR = YES;
				GCC_WARN_UNINITIALIZED_AUTOS = YES_AGGRESSIVE;
				GCC_WARN_UNUSED_FUNCTION = YES;
				GCC_WARN_UNUSED_VARIABLE = YES;
				IPHONEOS_DEPLOYMENT_TARGET = 13.4;
				MTL_ENABLE_DEBUG_INFO = NO;
				MTL_FAST_MATH = YES;
				SDKROOT = iphoneos;
				SWIFT_COMPILATION_MODE = wholemodule;
				SWIFT_OPTIMIZATION_LEVEL = "-O";
				VALIDATE_PRODUCT = YES;
			};
			name = Release;
		};
		D8D307B124E6857B0073D695 /* Debug */ = {
			isa = XCBuildConfiguration;
			buildSettings = {
				ASSETCATALOG_COMPILER_APPICON_NAME = AppIcon;
				CODE_SIGN_STYLE = Automatic;
				DEVELOPMENT_TEAM = 742BSCQTPS;
				INFOPLIST_FILE = NyTimes/Info.plist;
				LD_RUNPATH_SEARCH_PATHS = (
					"$(inherited)",
					"@executable_path/Frameworks",
				);
				PRODUCT_BUNDLE_IDENTIFIER = com.sumitkr110.NyTimes;
				PRODUCT_NAME = "$(TARGET_NAME)";
				SWIFT_VERSION = 5.0;
				TARGETED_DEVICE_FAMILY = "1,2";
			};
			name = Debug;
		};
		D8D307B224E6857B0073D695 /* Release */ = {
			isa = XCBuildConfiguration;
			buildSettings = {
				ASSETCATALOG_COMPILER_APPICON_NAME = AppIcon;
				CODE_SIGN_STYLE = Automatic;
				DEVELOPMENT_TEAM = 742BSCQTPS;
				INFOPLIST_FILE = NyTimes/Info.plist;
				LD_RUNPATH_SEARCH_PATHS = (
					"$(inherited)",
					"@executable_path/Frameworks",
				);
				PRODUCT_BUNDLE_IDENTIFIER = com.sumitkr110.NyTimes;
				PRODUCT_NAME = "$(TARGET_NAME)";
				SWIFT_VERSION = 5.0;
				TARGETED_DEVICE_FAMILY = "1,2";
			};
			name = Release;
		};
		D8D307B424E6857C0073D695 /* Debug */ = {
			isa = XCBuildConfiguration;
			buildSettings = {
				ALWAYS_EMBED_SWIFT_STANDARD_LIBRARIES = YES;
				BUNDLE_LOADER = "$(TEST_HOST)";
				CODE_SIGN_STYLE = Automatic;
				DEVELOPMENT_TEAM = 742BSCQTPS;
				INFOPLIST_FILE = NyTimesTests/Info.plist;
				IPHONEOS_DEPLOYMENT_TARGET = 13.4;
				LD_RUNPATH_SEARCH_PATHS = (
					"$(inherited)",
					"@executable_path/Frameworks",
					"@loader_path/Frameworks",
				);
				PRODUCT_BUNDLE_IDENTIFIER = com.sumitkr110.NyTimesTests;
				PRODUCT_NAME = "$(TARGET_NAME)";
				SWIFT_VERSION = 5.0;
				TARGETED_DEVICE_FAMILY = "1,2";
				TEST_HOST = "$(BUILT_PRODUCTS_DIR)/NyTimes.app/NyTimes";
			};
			name = Debug;
		};
		D8D307B524E6857C0073D695 /* Release */ = {
			isa = XCBuildConfiguration;
			buildSettings = {
				ALWAYS_EMBED_SWIFT_STANDARD_LIBRARIES = YES;
				BUNDLE_LOADER = "$(TEST_HOST)";
				CODE_SIGN_STYLE = Automatic;
				DEVELOPMENT_TEAM = 742BSCQTPS;
				INFOPLIST_FILE = NyTimesTests/Info.plist;
				IPHONEOS_DEPLOYMENT_TARGET = 13.4;
				LD_RUNPATH_SEARCH_PATHS = (
					"$(inherited)",
					"@executable_path/Frameworks",
					"@loader_path/Frameworks",
				);
				PRODUCT_BUNDLE_IDENTIFIER = com.sumitkr110.NyTimesTests;
				PRODUCT_NAME = "$(TARGET_NAME)";
				SWIFT_VERSION = 5.0;
				TARGETED_DEVICE_FAMILY = "1,2";
				TEST_HOST = "$(BUILT_PRODUCTS_DIR)/NyTimes.app/NyTimes";
			};
			name = Release;
		};
		D8D307B724E6857C0073D695 /* Debug */ = {
			isa = XCBuildConfiguration;
			buildSettings = {
				ALWAYS_EMBED_SWIFT_STANDARD_LIBRARIES = YES;
				CODE_SIGN_STYLE = Automatic;
				DEVELOPMENT_TEAM = 742BSCQTPS;
				INFOPLIST_FILE = NyTimesUITests/Info.plist;
				LD_RUNPATH_SEARCH_PATHS = (
					"$(inherited)",
					"@executable_path/Frameworks",
					"@loader_path/Frameworks",
				);
				PRODUCT_BUNDLE_IDENTIFIER = com.sumitkr110.NyTimesUITests;
				PRODUCT_NAME = "$(TARGET_NAME)";
				SWIFT_VERSION = 5.0;
				TARGETED_DEVICE_FAMILY = "1,2";
				TEST_TARGET_NAME = NyTimes;
			};
			name = Debug;
		};
		D8D307B824E6857C0073D695 /* Release */ = {
			isa = XCBuildConfiguration;
			buildSettings = {
				ALWAYS_EMBED_SWIFT_STANDARD_LIBRARIES = YES;
				CODE_SIGN_STYLE = Automatic;
				DEVELOPMENT_TEAM = 742BSCQTPS;
				INFOPLIST_FILE = NyTimesUITests/Info.plist;
				LD_RUNPATH_SEARCH_PATHS = (
					"$(inherited)",
					"@executable_path/Frameworks",
					"@loader_path/Frameworks",
				);
				PRODUCT_BUNDLE_IDENTIFIER = com.sumitkr110.NyTimesUITests;
				PRODUCT_NAME = "$(TARGET_NAME)";
				SWIFT_VERSION = 5.0;
				TARGETED_DEVICE_FAMILY = "1,2";
				TEST_TARGET_NAME = NyTimes;
			};
			name = Release;
		};
/* End XCBuildConfiguration section */

/* Begin XCConfigurationList section */
		D8D3078124E685700073D695 /* Build configuration list for PBXProject "NyTimes" */ = {
			isa = XCConfigurationList;
			buildConfigurations = (
				D8D307AE24E6857B0073D695 /* Debug */,
				D8D307AF24E6857B0073D695 /* Release */,
			);
			defaultConfigurationIsVisible = 0;
			defaultConfigurationName = Release;
		};
		D8D307B024E6857B0073D695 /* Build configuration list for PBXNativeTarget "NyTimes" */ = {
			isa = XCConfigurationList;
			buildConfigurations = (
				D8D307B124E6857B0073D695 /* Debug */,
				D8D307B224E6857B0073D695 /* Release */,
			);
			defaultConfigurationIsVisible = 0;
			defaultConfigurationName = Release;
		};
		D8D307B324E6857C0073D695 /* Build configuration list for PBXNativeTarget "NyTimesTests" */ = {
			isa = XCConfigurationList;
			buildConfigurations = (
				D8D307B424E6857C0073D695 /* Debug */,
				D8D307B524E6857C0073D695 /* Release */,
			);
			defaultConfigurationIsVisible = 0;
			defaultConfigurationName = Release;
		};
		D8D307B624E6857C0073D695 /* Build configuration list for PBXNativeTarget "NyTimesUITests" */ = {
			isa = XCConfigurationList;
			buildConfigurations = (
				D8D307B724E6857C0073D695 /* Debug */,
				D8D307B824E6857C0073D695 /* Release */,
			);
			defaultConfigurationIsVisible = 0;
			defaultConfigurationName = Release;
		};
/* End XCConfigurationList section */
	};
	rootObject = D8D3077E24E685700073D695 /* Project object */;
}
